// !$*UTF8*$!
{
	archiveVersion = 1;
	classes = {
	};
	objectVersion = 77;
	objects = {

/* Begin PBXBuildFile section */
		1F7A752FB39EDEA07BE4FB5B /* Assets.xcassets in Resources */ = {isa = PBXBuildFile; fileRef = 9F9A3F5C5313BCD9DDD02118 /* Assets.xcassets */; };
		484DB4104A2FB221537B8470 /* AppDelegate.swift in Sources */ = {isa = PBXBuildFile; fileRef = 7F61E1E6CE049D5008058279 /* AppDelegate.swift */; };
		4E19DA831A91C45DE79BF482 /* SceneDelegate.swift in Sources */ = {isa = PBXBuildFile; fileRef = 36643B4D43FA037B7A3CF717 /* SceneDelegate.swift */; };
		AAAAEBB52433437563BAF04A /* TingeePaySDK in Frameworks */ = {isa = PBXBuildFile; productRef = 763FA7520B7C00318AD7673A /* TingeePaySDK */; };
		AF0E5EAAD8E3E7E56CD8C198 /* ViewController.swift in Sources */ = {isa = PBXBuildFile; fileRef = CC32D57D3DD1951A58E64676 /* ViewController.swift */; };
/* End PBXBuildFile section */

/* Begin PBXFileReference section */
		36643B4D43FA037B7A3CF717 /* SceneDelegate.swift */ = {isa = PBXFileReference; lastKnownFileType = sourcecode.swift; path = SceneDelegate.swift; sourceTree = "<group>"; };
		7F61E1E6CE049D5008058279 /* AppDelegate.swift */ = {isa = PBXFileReference; lastKnownFileType = sourcecode.swift; path = AppDelegate.swift; sourceTree = "<group>"; };
		9DAA5A65A335B4597D86AC26 /* tingee-pay-sdk */ = {isa = PBXFileReference; lastKnownFileType = folder; name = "tingee-pay-sdk"; path = .; sourceTree = SOURCE_ROOT; };
		9DF195C10A9A55D425B97045 /* TingeePay.app */ = {isa = PBXFileReference; explicitFileType = wrapper.application; includeInIndex = 0; path = TingeePay.app; sourceTree = BUILT_PRODUCTS_DIR; };
		9F9A3F5C5313BCD9DDD02118 /* Assets.xcassets */ = {isa = PBXFileReference; lastKnownFileType = folder.assetcatalog; path = Assets.xcassets; sourceTree = "<group>"; };
		CC32D57D3DD1951A58E64676 /* ViewController.swift */ = {isa = PBXFileReference; lastKnownFileType = sourcecode.swift; path = ViewController.swift; sourceTree = "<group>"; };
/* End PBXFileReference section */

/* Begin PBXFrameworksBuildPhase section */
		005D0FA9A2F70A1AC5BCCB34 /* Frameworks */ = {
			isa = PBXFrameworksBuildPhase;
			buildActionMask = 2147483647;
			files = (
				AAAAEBB52433437563BAF04A /* TingeePaySDK in Frameworks */,
			);
			runOnlyForDeploymentPostprocessing = 0;
		};
/* End PBXFrameworksBuildPhase section */

/* Begin PBXGroup section */
		24749BE0B0EB91AE8C1E1F05 /* Resource */ = {
			isa = PBXGroup;
			children = (
				9F9A3F5C5313BCD9DDD02118 /* Assets.xcassets */,
			);
			name = Resource;
			path = TingeePay/Resource;
			sourceTree = "<group>";
		};
		5E3E4711DD2543976FE859AF /* App */ = {
			isa = PBXGroup;
			children = (
				7F61E1E6CE049D5008058279 /* AppDelegate.swift */,
				36643B4D43FA037B7A3CF717 /* SceneDelegate.swift */,
				CC32D57D3DD1951A58E64676 /* ViewController.swift */,
			);
			name = App;
			path = TingeePay/App;
			sourceTree = "<group>";
		};
		C457643B4E92E06933E21490 = {
			isa = PBXGroup;
			children = (
				5E3E4711DD2543976FE859AF /* App */,
				CA6F604169896C07410F1665 /* Packages */,
				24749BE0B0EB91AE8C1E1F05 /* Resource */,
				E2695C7A589A490B76481235 /* Products */,
			);
			sourceTree = "<group>";
		};
		CA6F604169896C07410F1665 /* Packages */ = {
			isa = PBXGroup;
			children = (
				9DAA5A65A335B4597D86AC26 /* tingee-pay-sdk */,
			);
			name = Packages;
			sourceTree = "<group>";
		};
		E2695C7A589A490B76481235 /* Products */ = {
			isa = PBXGroup;
			children = (
				9DF195C10A9A55D425B97045 /* TingeePay.app */,
			);
			name = Products;
			sourceTree = "<group>";
		};
/* End PBXGroup section */

/* Begin PBXNativeTarget section */
		97EDB8C48A83B5CFC7BFF7E3 /* TingeePay */ = {
			isa = PBXNativeTarget;
			buildConfigurationList = C69B74DDAC6F336B42816826 /* Build configuration list for PBXNativeTarget "TingeePay" */;
			buildPhases = (
				A50F6CB78D403D768256F625 /* Sources */,
				8F0C08177306770BA843C11F /* Resources */,
				005D0FA9A2F70A1AC5BCCB34 /* Frameworks */,
			);
			buildRules = (
			);
			dependencies = (
			);
			name = TingeePay;
			packageProductDependencies = (
				763FA7520B7C00318AD7673A /* TingeePaySDK */,
			);
			productName = TingeePay;
			productReference = 9DF195C10A9A55D425B97045 /* TingeePay.app */;
			productType = "com.apple.product-type.application";
		};
/* End PBXNativeTarget section */

/* Begin PBXProject section */
		9AF14AA54AD8A0D1AFFC5748 /* Project object */ = {
			isa = PBXProject;
			attributes = {
				BuildIndependentTargetsInParallel = YES;
				LastUpgradeCheck = 1430;
			};
			buildConfigurationList = DFC2626D9F4178E944CE5A32 /* Build configuration list for PBXProject "TingeePay" */;
			developmentRegion = en;
			hasScannedForEncodings = 0;
			knownRegions = (
				Base,
				en,
			);
			mainGroup = C457643B4E92E06933E21490;
			minimizedProjectReferenceProxies = 1;
			packageReferences = (
				3D022206A318FDA48F949B44 /* XCLocalSwiftPackageReference "." */,
			);
			preferredProjectObjectVersion = 77;
			productRefGroup = E2695C7A589A490B76481235 /* Products */;
			projectDirPath = "";
			projectRoot = "";
			targets = (
				97EDB8C48A83B5CFC7BFF7E3 /* TingeePay */,
			);
		};
/* End PBXProject section */

/* Begin PBXResourcesBuildPhase section */
		8F0C08177306770BA843C11F /* Resources */ = {
			isa = PBXResourcesBuildPhase;
			buildActionMask = 2147483647;
			files = (
				1F7A752FB39EDEA07BE4FB5B /* Assets.xcassets in Resources */,
			);
			runOnlyForDeploymentPostprocessing = 0;
		};
/* End PBXResourcesBuildPhase section */

/* Begin PBXSourcesBuildPhase section */
		A50F6CB78D403D768256F625 /* Sources */ = {
			isa = PBXSourcesBuildPhase;
			buildActionMask = 2147483647;
			files = (
				484DB4104A2FB221537B8470 /* AppDelegate.swift in Sources */,
				4E19DA831A91C45DE79BF482 /* SceneDelegate.swift in Sources */,
				AF0E5EAAD8E3E7E56CD8C198 /* ViewController.swift in Sources */,
			);
			runOnlyForDeploymentPostprocessing = 0;
		};
/* End PBXSourcesBuildPhase section */

/* Begin XCBuildConfiguration section */
		0CF3A8A3E7AD91D83EAE336A /* Debug */ = {
			isa = XCBuildConfiguration;
			buildSettings = {
				ASSETCATALOG_COMPILER_APPICON_NAME = AppIcon;
				CODE_SIGN_IDENTITY = "iPhone Developer";
				CURRENT_PROJECT_VERSION = 101;
				DEVELOPMENT_TEAM = 58G5D9S7DZ;
				INFOPLIST_FILE = TingeePay/Info.plist;
				IPHONEOS_DEPLOYMENT_TARGET = 14.0;
				LD_RUNPATH_SEARCH_PATHS = (
					"$(inherited)",
					"@executable_path/Frameworks",
				);
				MARKETING_VERSION = 1.6.2;
				PRODUCT_BUNDLE_IDENTIFIER = com.heno.app.tingee.merchant;
				SDKROOT = iphoneos;
				TARGETED_DEVICE_FAMILY = "1,2";
			};
			name = Debug;
		};
		1F176A3962002833354116CB /* Release */ = {
			isa = XCBuildConfiguration;
			buildSettings = {
				ASSETCATALOG_COMPILER_APPICON_NAME = AppIcon;
				CODE_SIGN_IDENTITY = "iPhone Developer";
				CURRENT_PROJECT_VERSION = 101;
				DEVELOPMENT_TEAM = 58G5D9S7DZ;
				INFOPLIST_FILE = TingeePay/Info.plist;
				IPHONEOS_DEPLOYMENT_TARGET = 14.0;
				LD_RUNPATH_SEARCH_PATHS = (
					"$(inherited)",
					"@executable_path/Frameworks",
				);
				MARKETING_VERSION = 1.6.2;
				PRODUCT_BUNDLE_IDENTIFIER = com.heno.app.tingee.merchant;
				SDKROOT = iphoneos;
				TARGETED_DEVICE_FAMILY = "1,2";
			};
			name = Release;
		};
		297DB92DA4D2DF12FB5F5D16 /* Release */ = {
			isa = XCBuildConfiguration;
			buildSettings = {
				ALWAYS_SEARCH_USER_PATHS = NO;
				CLANG_ANALYZER_NONNULL = YES;
				CLANG_ANALYZER_NUMBER_OBJECT_CONVERSION = YES_AGGRESSIVE;
				CLANG_CXX_LANGUAGE_STANDARD = "gnu++14";
				CLANG_CXX_LIBRARY = "libc++";
				CLANG_ENABLE_MODULES = YES;
				CLANG_ENABLE_OBJC_ARC = YES;
				CLANG_ENABLE_OBJC_WEAK = YES;
				CLANG_WARN_BLOCK_CAPTURE_AUTORELEASING = YES;
				CLANG_WARN_BOOL_CONVERSION = YES;
				CLANG_WARN_COMMA = YES;
				CLANG_WARN_CONSTANT_CONVERSION = YES;
				CLANG_WARN_DEPRECATED_OBJC_IMPLEMENTATIONS = YES;
				CLANG_WARN_DIRECT_OBJC_ISA_USAGE = YES_ERROR;
				CLANG_WARN_DOCUMENTATION_COMMENTS = YES;
				CLANG_WARN_EMPTY_BODY = YES;
				CLANG_WARN_ENUM_CONVERSION = YES;
				CLANG_WARN_INFINITE_RECURSION = YES;
				CLANG_WARN_INT_CONVERSION = YES;
				CLANG_WARN_NON_LITERAL_NULL_CONVERSION = YES;
				CLANG_WARN_OBJC_IMPLICIT_RETAIN_SELF = YES;
				CLANG_WARN_OBJC_LITERAL_CONVERSION = YES;
				CLANG_WARN_OBJC_ROOT_CLASS = YES_ERROR;
				CLANG_WARN_QUOTED_INCLUDE_IN_FRAMEWORK_HEADER = YES;
				CLANG_WARN_RANGE_LOOP_ANALYSIS = YES;
				CLANG_WARN_STRICT_PROTOTYPES = YES;
				CLANG_WARN_SUSPICIOUS_MOVE = YES;
				CLANG_WARN_UNGUARDED_AVAILABILITY = YES_AGGRESSIVE;
				CLANG_WARN_UNREACHABLE_CODE = YES;
				CLANG_WARN__DUPLICATE_METHOD_MATCH = YES;
				COPY_PHASE_STRIP = NO;
				DEBUG_INFORMATION_FORMAT = "dwarf-with-dsym";
				ENABLE_NS_ASSERTIONS = NO;
				ENABLE_STRICT_OBJC_MSGSEND = YES;
				GCC_C_LANGUAGE_STANDARD = gnu11;
				GCC_NO_COMMON_BLOCKS = YES;
				GCC_WARN_64_TO_32_BIT_CONVERSION = YES;
				GCC_WARN_ABOUT_RETURN_TYPE = YES_ERROR;
				GCC_WARN_UNDECLARED_SELECTOR = YES;
				GCC_WARN_UNINITIALIZED_AUTOS = YES_AGGRESSIVE;
				GCC_WARN_UNUSED_FUNCTION = YES;
				GCC_WARN_UNUSED_VARIABLE = YES;
				MTL_ENABLE_DEBUG_INFO = NO;
				MTL_FAST_MATH = YES;
				PRODUCT_NAME = "$(TARGET_NAME)";
				SDKROOT = iphoneos;
				SWIFT_COMPILATION_MODE = wholemodule;
				SWIFT_OPTIMIZATION_LEVEL = "-O";
				SWIFT_VERSION = 5.0;
			};
			name = Release;
		};
		5F4926AEEC26A62F7447B885 /* Debug */ = {
			isa = XCBuildConfiguration;
			buildSettings = {
				ALWAYS_SEARCH_USER_PATHS = NO;
				CLANG_ANALYZER_NONNULL = YES;
				CLANG_ANALYZER_NUMBER_OBJECT_CONVERSION = YES_AGGRESSIVE;
				CLANG_CXX_LANGUAGE_STANDARD = "gnu++14";
				CLANG_CXX_LIBRARY = "libc++";
				CLANG_ENABLE_MODULES = YES;
				CLANG_ENABLE_OBJC_ARC = YES;
				CLANG_ENABLE_OBJC_WEAK = YES;
				CLANG_WARN_BLOCK_CAPTURE_AUTORELEASING = YES;
				CLANG_WARN_BOOL_CONVERSION = YES;
				CLANG_WARN_COMMA = YES;
				CLANG_WARN_CONSTANT_CONVERSION = YES;
				CLANG_WARN_DEPRECATED_OBJC_IMPLEMENTATIONS = YES;
				CLANG_WARN_DIRECT_OBJC_ISA_USAGE = YES_ERROR;
				CLANG_WARN_DOCUMENTATION_COMMENTS = YES;
				CLANG_WARN_EMPTY_BODY = YES;
				CLANG_WARN_ENUM_CONVERSION = YES;
				CLANG_WARN_INFINITE_RECURSION = YES;
				CLANG_WARN_INT_CONVERSION = YES;
				CLANG_WARN_NON_LITERAL_NULL_CONVERSION = YES;
				CLANG_WARN_OBJC_IMPLICIT_RETAIN_SELF = YES;
				CLANG_WARN_OBJC_LITERAL_CONVERSION = YES;
				CLANG_WARN_OBJC_ROOT_CLASS = YES_ERROR;
				CLANG_WARN_QUOTED_INCLUDE_IN_FRAMEWORK_HEADER = YES;
				CLANG_WARN_RANGE_LOOP_ANALYSIS = YES;
				CLANG_WARN_STRICT_PROTOTYPES = YES;
				CLANG_WARN_SUSPICIOUS_MOVE = YES;
				CLANG_WARN_UNGUARDED_AVAILABILITY = YES_AGGRESSIVE;
				CLANG_WARN_UNREACHABLE_CODE = YES;
				CLANG_WARN__DUPLICATE_METHOD_MATCH = YES;
				COPY_PHASE_STRIP = NO;
				DEBUG_INFORMATION_FORMAT = dwarf;
				ENABLE_STRICT_OBJC_MSGSEND = YES;
				ENABLE_TESTABILITY = YES;
				GCC_C_LANGUAGE_STANDARD = gnu11;
				GCC_DYNAMIC_NO_PIC = NO;
				GCC_NO_COMMON_BLOCKS = YES;
				GCC_OPTIMIZATION_LEVEL = 0;
				GCC_PREPROCESSOR_DEFINITIONS = (
					"$(inherited)",
					"DEBUG=1",
				);
				GCC_WARN_64_TO_32_BIT_CONVERSION = YES;
				GCC_WARN_ABOUT_RETURN_TYPE = YES_ERROR;
				GCC_WARN_UNDECLARED_SELECTOR = YES;
				GCC_WARN_UNINITIALIZED_AUTOS = YES_AGGRESSIVE;
				GCC_WARN_UNUSED_FUNCTION = YES;
				GCC_WARN_UNUSED_VARIABLE = YES;
				MTL_ENABLE_DEBUG_INFO = INCLUDE_SOURCE;
				MTL_FAST_MATH = YES;
				ONLY_ACTIVE_ARCH = YES;
				PRODUCT_NAME = "$(TARGET_NAME)";
				SDKROOT = iphoneos;
				SWIFT_ACTIVE_COMPILATION_CONDITIONS = DEBUG;
				SWIFT_OPTIMIZATION_LEVEL = "-Onone";
				SWIFT_VERSION = 5.0;
			};
			name = Debug;
		};
/* End XCBuildConfiguration section */

/* Begin XCConfigurationList section */
		C69B74DDAC6F336B42816826 /* Build configuration list for PBXNativeTarget "TingeePay" */ = {
			isa = XCConfigurationList;
			buildConfigurations = (
				0CF3A8A3E7AD91D83EAE336A /* Debug */,
				1F176A3962002833354116CB /* Release */,
			);
			defaultConfigurationIsVisible = 0;
			defaultConfigurationName = Debug;
		};
		DFC2626D9F4178E944CE5A32 /* Build configuration list for PBXProject "TingeePay" */ = {
			isa = XCConfigurationList;
			buildConfigurations = (
				5F4926AEEC26A62F7447B885 /* Debug */,
				297DB92DA4D2DF12FB5F5D16 /* Release */,
			);
			defaultConfigurationIsVisible = 0;
			defaultConfigurationName = Debug;
		};
/* End XCConfigurationList section */

/* Begin XCLocalSwiftPackageReference section */
		3D022206A318FDA48F949B44 /* XCLocalSwiftPackageReference "." */ = {
			isa = XCLocalSwiftPackageReference;
			relativePath = .;
		};
/* End XCLocalSwiftPackageReference section */

/* Begin XCSwiftPackageProductDependency section */
		763FA7520B7C00318AD7673A /* TingeePaySDK */ = {
			isa = XCSwiftPackageProductDependency;
			productName = TingeePaySDK;
		};
/* End XCSwiftPackageProductDependency section */
	};
	rootObject = 9AF14AA54AD8A0D1AFFC5748 /* Project object */;
}
